{
  "requires": true,
  "lockfileVersion": 1,
  "dependencies": {
    "asap": {
      "version": "2.0.6",
      "resolved": "https://registry.npmjs.org/asap/-/asap-2.0.6.tgz",
      "integrity": "sha1-5QNHYR1+aQlDIIu9r+vLwvuGbUY="
    },
    "babel-polyfill": {
      "version": "6.26.0",
      "resolved": "https://registry.npmjs.org/babel-polyfill/-/babel-polyfill-6.26.0.tgz",
      "integrity": "sha1-N5k3q8Z9eJWXCtxiHyhM2WbPIVM=",
      "requires": {
        "babel-runtime": "^6.26.0",
        "core-js": "^2.5.0",
        "regenerator-runtime": "^0.10.5"
      }
    },
    "babel-runtime": {
      "version": "6.26.0",
      "resolved": "https://registry.npmjs.org/babel-runtime/-/babel-runtime-6.26.0.tgz",
      "integrity": "sha1-llxwWGaOgrVde/4E/yM3vItWR/4=",
      "requires": {
        "core-js": "^2.4.0",
        "regenerator-runtime": "^0.11.0"
      },
      "dependencies": {
        "regenerator-runtime": {
          "version": "0.11.1",
          "resolved": "https://registry.npmjs.org/regenerator-runtime/-/regenerator-runtime-0.11.1.tgz",
          "integrity": "sha1-vgWtf5v30i4Fb5cmzuUBf78Z4uk="
        }
      }
    },
    "bibtex-parse-js": {
      "version": "0.0.23",
      "resolved": "https://registry.npmjs.org/bibtex-parse-js/-/bibtex-parse-js-0.0.23.tgz",
      "integrity": "sha1-G/uzJv8aFYeCtPe9S4TYA2uR9/E=",
      "requires": {
        "xml2js": "*"
      }
    },
    "buffer-from": {
      "version": "1.1.1",
      "resolved": "https://registry.npmjs.org/buffer-from/-/buffer-from-1.1.1.tgz",
      "integrity": "sha1-MnE7wCj3XAL9txDXx7zsHyxgcO8="
    },
    "caseless": {
      "version": "0.11.0",
      "resolved": "https://registry.npmjs.org/caseless/-/caseless-0.11.0.tgz",
      "integrity": "sha1-cVuW6phBWTzDMGeSP17GDr2k99c="
    },
    "citation-js": {
      "version": "0.3.0-11",
      "resolved": "https://registry.npmjs.org/citation-js/-/citation-js-0.3.0-11.tgz",
      "integrity": "sha1-awdJ/CQ3/b4KiyWk99RDmM/6SVE=",
      "requires": {
        "babel-polyfill": "^6.23.0",
        "citeproc": "^2.0.2",
        "commander": "~2.11.0",
        "deep-freeze": "0.0.1",
        "isomorphic-fetch": "^2.2.1",
        "striptags": "^3.0.1",
        "sync-request": "^4.1.0",
        "wikidata-sdk": "^5.2.2"
      }
    },
    "citeproc": {
      "version": "2.0.6",
      "resolved": "https://registry.npmjs.org/citeproc/-/citeproc-2.0.6.tgz",
      "integrity": "sha1-wDpQBkRyxBV+pw4iQBFGqZVbzOQ="
    },
    "classnames": {
      "version": "2.2.6",
      "resolved": "https://registry.npmjs.org/classnames/-/classnames-2.2.6.tgz",
      "integrity": "sha512-JR/iSQOSt+LQIWwrwEzJ9uk0xfN3mTVYMwt1Ir5mUcSN6pU+V4zQFFaJsclJbPuAUQH+yfWef6tm7l1quW3C8Q=="
    },
    "colors": {
      "version": "1.1.2",
      "resolved": "https://registry.npmjs.org/colors/-/colors-1.1.2.tgz",
      "integrity": "sha1-FopHAXVran9RoSzgyXv6KMCE7WM="
    },
    "command-exists": {
      "version": "1.2.7",
      "resolved": "https://registry.npmjs.org/command-exists/-/command-exists-1.2.7.tgz",
      "integrity": "sha1-FoKPDD/ysMWIBYYe8hG2T8FWkqg="
    },
    "commander": {
      "version": "2.11.0",
      "resolved": "https://registry.npmjs.org/commander/-/commander-2.11.0.tgz",
      "integrity": "sha1-FXFS/R56bI2YpbcVzzdt+SgARWM="
    },
    "concat-stream": {
      "version": "1.6.2",
      "resolved": "https://registry.npmjs.org/concat-stream/-/concat-stream-1.6.2.tgz",
      "integrity": "sha1-kEvfGUzTEi/Gdcd/xKw9T/D9GjQ=",
      "requires": {
        "buffer-from": "^1.0.0",
        "inherits": "^2.0.3",
        "readable-stream": "^2.2.2",
        "typedarray": "^0.0.6"
      }
    },
    "core-js": {
      "version": "2.5.7",
      "resolved": "https://registry.npmjs.org/core-js/-/core-js-2.5.7.tgz",
      "integrity": "sha1-+XJgj/DOrWi4QaFqky0LGDeRgU4="
    },
    "core-util-is": {
      "version": "1.0.2",
      "resolved": "https://registry.npmjs.org/core-util-is/-/core-util-is-1.0.2.tgz",
      "integrity": "sha1-tf1UIgqivFq1eqtxQMlAdUUDwac="
    },
    "deep-freeze": {
      "version": "0.0.1",
      "resolved": "https://registry.npmjs.org/deep-freeze/-/deep-freeze-0.0.1.tgz",
      "integrity": "sha1-OgsABd4YZygZ39OM0x+RF5yJPoQ="
    },
    "encoding": {
      "version": "0.1.12",
      "resolved": "https://registry.npmjs.org/encoding/-/encoding-0.1.12.tgz",
      "integrity": "sha1-U4tm8+5izRq1HsMjgp0flIDHS+s=",
      "requires": {
        "iconv-lite": "~0.4.13"
      }
    },
    "get-port": {
      "version": "3.2.0",
      "resolved": "https://registry.npmjs.org/get-port/-/get-port-3.2.0.tgz",
      "integrity": "sha1-3Xzn3hh8Bsi/NTeWrHHgmfCYDrw="
    },
    "gitbook-markdown-css": {
      "version": "1.1.0",
      "resolved": "https://registry.npmjs.org/gitbook-markdown-css/-/gitbook-markdown-css-1.1.0.tgz",
      "integrity": "sha1-i7DHp3W7zXXZ11D34SlQtwl1HcQ="
    },
    "gitbook-plugin-bibtex-citations-and-references": {
      "version": "0.10.4",
      "resolved": "https://registry.npmjs.org/gitbook-plugin-bibtex-citations-and-references/-/gitbook-plugin-bibtex-citations-and-references-0.10.4.tgz",
      "integrity": "sha1-szYvOmfNihhwEGOvO9y4SwLd2ys=",
      "requires": {
        "bibtex-parse-js": "=0.0.23",
        "citation-js": "=0.3.0-11",
        "citeproc": "=2.0.6",
        "colors": "=1.1.2"
      }
    },
    "gitbook-styleguide": {
      "version": "7.9.3",
      "resolved": "https://registry.npmjs.org/gitbook-styleguide/-/gitbook-styleguide-7.9.3.tgz",
      "integrity": "sha1-b5QoBUjXMEc/oj7Y+mh3keLYC+k=",
      "dev": true,
      "requires": {
        "classnames": "^2.2.5",
        "gitbook-markdown-css": "1.1.0",
        "moment": "^2.14.1",
        "moment-duration-format": "^1.3.0",
        "octicons": "3.4.1",
        "react-sticky": "^5.0.5",
        "roboto-fontface": "^0.6.0"
      }
    },
    "http-basic": {
      "version": "2.5.1",
      "resolved": "https://registry.npmjs.org/http-basic/-/http-basic-2.5.1.tgz",
      "integrity": "sha1-jORHvbW2xXf4pj4/p4BW7Eu02/s=",
      "requires": {
        "caseless": "~0.11.0",
        "concat-stream": "^1.4.6",
        "http-response-object": "^1.0.0"
      }
    },
    "http-response-object": {
      "version": "1.1.0",
      "resolved": "https://registry.npmjs.org/http-response-object/-/http-response-object-1.1.0.tgz",
      "integrity": "sha1-p8TnWq6C87tJBOT0P2FWc7TVGMM="
    },
    "iconv-lite": {
      "version": "0.4.24",
      "resolved": "https://registry.npmjs.org/iconv-lite/-/iconv-lite-0.4.24.tgz",
      "integrity": "sha1-ICK0sl+93CHS9SSXSkdKr+czkIs=",
      "requires": {
        "safer-buffer": ">= 2.1.2 < 3"
      }
    },
    "inherits": {
      "version": "2.0.3",
      "resolved": "https://registry.npmjs.org/inherits/-/inherits-2.0.3.tgz",
      "integrity": "sha1-Yzwsg+PaQqUC9SRmAiSA9CCCYd4="
    },
    "is-stream": {
      "version": "1.1.0",
      "resolved": "https://registry.npmjs.org/is-stream/-/is-stream-1.1.0.tgz",
      "integrity": "sha1-EtSj3U5o4Lec6428hBc66A2RykQ="
    },
    "isarray": {
      "version": "1.0.0",
      "resolved": "https://registry.npmjs.org/isarray/-/isarray-1.0.0.tgz",
      "integrity": "sha1-u5NdSFgsuhaMBoNJV6VKPgcSTxE="
    },
    "isomorphic-fetch": {
      "version": "2.2.1",
      "resolved": "https://registry.npmjs.org/isomorphic-fetch/-/isomorphic-fetch-2.2.1.tgz",
      "integrity": "sha1-YRrhrPFPXoH3KVB0coGf6XM1WKk=",
      "requires": {
        "node-fetch": "^1.0.1",
        "whatwg-fetch": ">=0.10.0"
      }
    },
    "js-tokens": {
      "version": "4.0.0",
      "resolved": "https://registry.npmjs.org/js-tokens/-/js-tokens-4.0.0.tgz",
      "integrity": "sha512-RdJUflcE3cUzKiMqQgsCu06FPu9UdIJO0beYbPhHN4k6apgJtifcoCtT9bcxOpYBtpD2kCM6Sbzg4CausW/PKQ=="
    },
    "loose-envify": {
      "version": "1.4.0",
      "resolved": "https://registry.npmjs.org/loose-envify/-/loose-envify-1.4.0.tgz",
      "integrity": "sha512-lyuxPGr/Wfhrlem2CL/UcnUc1zcqKAImBDzukY7Y5F/yQiNdko6+fRLevlw1HgMySw7f611UIY408EtxRSoK3Q==",
      "requires": {
        "js-tokens": "^3.0.0 || ^4.0.0"
      }
    },
    "moment": {
      "version": "2.22.2",
      "resolved": "https://registry.npmjs.org/moment/-/moment-2.22.2.tgz",
      "integrity": "sha1-PCV/mDn8DpP/UxSWMiOeuQeD/2Y="
    },
    "moment-duration-format": {
      "version": "1.3.0",
      "resolved": "https://registry.npmjs.org/moment-duration-format/-/moment-duration-format-1.3.0.tgz",
      "integrity": "sha1-VBdxtfh6BJzGVUBHXTrZZnN9aQg="
    },
    "node-fetch": {
      "version": "1.7.3",
      "resolved": "https://registry.npmjs.org/node-fetch/-/node-fetch-1.7.3.tgz",
      "integrity": "sha1-mA9vcthSEaU0fGsrwYxbhMPrR+8=",
      "requires": {
        "encoding": "^0.1.11",
        "is-stream": "^1.0.1"
      }
    },
    "object-assign": {
      "version": "4.1.1",
      "resolved": "https://registry.npmjs.org/object-assign/-/object-assign-4.1.1.tgz",
      "integrity": "sha1-IQmtx5ZYh8/AXLvUQsrIv7s2CGM="
    },
    "octicons": {
      "version": "3.4.1",
      "resolved": "http://registry.npmjs.org/octicons/-/octicons-3.4.1.tgz",
      "integrity": "sha1-BCw+QzoBdiEto/LmGkhn57lVV7E="
    },
    "process-nextick-args": {
      "version": "2.0.0",
      "resolved": "https://registry.npmjs.org/process-nextick-args/-/process-nextick-args-2.0.0.tgz",
      "integrity": "sha1-o31zL0JxtKsa0HDTVQjoKQeI/6o="
    },
    "promise": {
      "version": "7.3.1",
      "resolved": "https://registry.npmjs.org/promise/-/promise-7.3.1.tgz",
      "integrity": "sha1-BktyYCsY+Q8pGSuLG8QY/9Hr078=",
      "requires": {
        "asap": "~2.0.3"
      }
    },
    "prop-types": {
      "version": "15.6.2",
      "resolved": "https://registry.npmjs.org/prop-types/-/prop-types-15.6.2.tgz",
      "integrity": "sha512-3pboPvLiWD7dkI3qf3KbUe6hKFKa52w+AE0VCqECtf+QHAKgOL37tTaNCnuX1nAAQ4ZhyP+kYVKf8rLmJ/feDQ==",
      "requires": {
        "loose-envify": "^1.3.1",
        "object-assign": "^4.1.1"
      }
    },
    "qs": {
      "version": "6.5.2",
      "resolved": "https://registry.npmjs.org/qs/-/qs-6.5.2.tgz",
      "integrity": "sha1-yzroBuh0BERYTvFUzo7pjUA/PjY="
    },
    "react-sticky": {
      "version": "5.0.8",
      "resolved": "https://registry.npmjs.org/react-sticky/-/react-sticky-5.0.8.tgz",
      "integrity": "sha1-1fhflpd/QQCB15KrgYhsYixdixQ=",
      "requires": {
        "prop-types": "^15.5.8"
      }
    },
    "readable-stream": {
      "version": "2.3.6",
      "resolved": "https://registry.npmjs.org/readable-stream/-/readable-stream-2.3.6.tgz",
      "integrity": "sha1-sRwn2IuP8fvgcGQ8+UsMea4bCq8=",
      "requires": {
        "core-util-is": "~1.0.0",
        "inherits": "~2.0.3",
        "isarray": "~1.0.0",
        "process-nextick-args": "~2.0.0",
        "safe-buffer": "~5.1.1",
        "string_decoder": "~1.1.1",
        "util-deprecate": "~1.0.1"
      }
    },
    "regenerator-runtime": {
      "version": "0.10.5",
      "resolved": "https://registry.npmjs.org/regenerator-runtime/-/regenerator-runtime-0.10.5.tgz",
      "integrity": "sha1-M2w+/BIgrc7dosn6tntaeVWjNlg="
    },
    "roboto-fontface": {
      "version": "0.6.1",
      "resolved": "https://registry.npmjs.org/roboto-fontface/-/roboto-fontface-0.6.1.tgz",
      "integrity": "sha1-vVarPtTkovKaG9IPv1+S6eTPNUA="
    },
    "safe-buffer": {
      "version": "5.1.2",
      "resolved": "https://registry.npmjs.org/safe-buffer/-/safe-buffer-5.1.2.tgz",
      "integrity": "sha1-mR7GnSluAxN0fVm9/St0XDX4go0="
    },
    "safer-buffer": {
      "version": "2.1.2",
      "resolved": "https://registry.npmjs.org/safer-buffer/-/safer-buffer-2.1.2.tgz",
      "integrity": "sha1-RPoWGwGHuVSd2Eu5GAL5vYOFzWo="
    },
    "sax": {
      "version": "1.2.4",
      "resolved": "https://registry.npmjs.org/sax/-/sax-1.2.4.tgz",
      "integrity": "sha1-KBYjTiN4vdxOU1T6tcqold9xANk="
    },
    "string_decoder": {
      "version": "1.1.1",
      "resolved": "https://registry.npmjs.org/string_decoder/-/string_decoder-1.1.1.tgz",
      "integrity": "sha1-nPFhG6YmhdcDCunkujQUnDrwP8g=",
      "requires": {
        "safe-buffer": "~5.1.0"
      }
    },
    "striptags": {
      "version": "3.1.1",
      "resolved": "https://registry.npmjs.org/striptags/-/striptags-3.1.1.tgz",
      "integrity": "sha1-yMPn/db7S7OjKjt1LltePjgJPr0="
    },
    "sync-request": {
      "version": "4.1.0",
      "resolved": "https://registry.npmjs.org/sync-request/-/sync-request-4.1.0.tgz",
      "integrity": "sha1-MktOUG+5lNKv0qACGkVfgAcl8Ho=",
      "requires": {
        "command-exists": "^1.2.2",
        "concat-stream": "^1.6.0",
        "get-port": "^3.1.0",
        "http-response-object": "^1.1.0",
        "then-request": "^2.2.0"
      }
    },
    "then-request": {
      "version": "2.2.0",
      "resolved": "https://registry.npmjs.org/then-request/-/then-request-2.2.0.tgz",
      "integrity": "sha1-ZnizL6DKIY/laZgbvYhxtZQGDYE=",
      "requires": {
        "caseless": "~0.11.0",
        "concat-stream": "^1.4.7",
        "http-basic": "^2.5.1",
        "http-response-object": "^1.1.0",
        "promise": "^7.1.1",
        "qs": "^6.1.0"
      }
    },
    "typedarray": {
      "version": "0.0.6",
      "resolved": "https://registry.npmjs.org/typedarray/-/typedarray-0.0.6.tgz",
      "integrity": "sha1-hnrHTjhkGHsdPUfZlqeOxciDB3c="
    },
    "util-deprecate": {
      "version": "1.0.2",
      "resolved": "https://registry.npmjs.org/util-deprecate/-/util-deprecate-1.0.2.tgz",
      "integrity": "sha1-RQ1Nyfpw3nMnYvvS1KKJgUGaDM8="
    },
    "whatwg-fetch": {
      "version": "3.0.0",
      "resolved": "https://registry.npmjs.org/whatwg-fetch/-/whatwg-fetch-3.0.0.tgz",
      "integrity": "sha1-/IBORYzEYACbGiuWa8iBfSV4rvs="
    },
    "wikidata-sdk": {
      "version": "5.15.8",
      "resolved": "https://registry.npmjs.org/wikidata-sdk/-/wikidata-sdk-5.15.8.tgz",
      "integrity": "sha1-MkMECZFuCNClBxNXTz5dl39pfTE="
    },
    "xml2js": {
      "version": "0.4.19",
      "resolved": "https://registry.npmjs.org/xml2js/-/xml2js-0.4.19.tgz",
      "integrity": "sha1-aGwg8hMgnpSr8NG88e+qKRx4J6c=",
      "requires": {
        "sax": ">=0.6.0",
        "xmlbuilder": "~9.0.1"
      }
    },
    "xmlbuilder": {
      "version": "9.0.7",
      "resolved": "https://registry.npmjs.org/xmlbuilder/-/xmlbuilder-9.0.7.tgz",
      "integrity": "sha1-Ey7mPS7FVlxVfiD0wi35rKaGsQ0="
    }
  }
}
